// !$*UTF8*$!
{
	archiveVersion = 1;
	classes = {
	};
	objectVersion = 50;
	objects = {

/* Begin PBXBuildFile section */
		79C22D452A2E03C7009B94D7 /* AppDelegate.swift in Sources */ = {isa = PBXBuildFile; fileRef = 79C22D442A2E03C7009B94D7 /* AppDelegate.swift */; };
		79C22D472A2E03C7009B94D7 /* SceneDelegate.swift in Sources */ = {isa = PBXBuildFile; fileRef = 79C22D462A2E03C7009B94D7 /* SceneDelegate.swift */; };
		79C22D492A2E03C7009B94D7 /* ViewController.swift in Sources */ = {isa = PBXBuildFile; fileRef = 79C22D482A2E03C7009B94D7 /* ViewController.swift */; };
		79C22D4C2A2E03C7009B94D7 /* Main.storyboard in Resources */ = {isa = PBXBuildFile; fileRef = 79C22D4A2A2E03C7009B94D7 /* Main.storyboard */; };
		79C22D4E2A2E03CA009B94D7 /* Assets.xcassets in Resources */ = {isa = PBXBuildFile; fileRef = 79C22D4D2A2E03CA009B94D7 /* Assets.xcassets */; };
		79C22D512A2E03CA009B94D7 /* LaunchScreen.storyboard in Resources */ = {isa = PBXBuildFile; fileRef = 79C22D4F2A2E03CA009B94D7 /* LaunchScreen.storyboard */; };
		79C22D5D2A2E05B5009B94D7 /* eyeshow.png in Resources */ = {isa = PBXBuildFile; fileRef = 79C22D582A2E05B5009B94D7 /* eyeshow.png */; };
		79C22D5E2A2E05B5009B94D7 /* ravGold.jpg in Resources */ = {isa = PBXBuildFile; fileRef = 79C22D592A2E05B5009B94D7 /* ravGold.jpg */; };
		79C22D5F2A2E05B5009B94D7 /* Alphard.jpeg in Resources */ = {isa = PBXBuildFile; fileRef = 79C22D5A2A2E05B5009B94D7 /* Alphard.jpeg */; };
		79C22D602A2E05B5009B94D7 /* ravBlue.jpg in Resources */ = {isa = PBXBuildFile; fileRef = 79C22D5B2A2E05B5009B94D7 /* ravBlue.jpg */; };
		79C22D612A2E05B5009B94D7 /* car sale.jpeg in Resources */ = {isa = PBXBuildFile; fileRef = 79C22D5C2A2E05B5009B94D7 /* car sale.jpeg */; };
		79C22D632A2E05C4009B94D7 /* ViewControllerTwo.swift in Sources */ = {isa = PBXBuildFile; fileRef = 79C22D622A2E05C4009B94D7 /* ViewControllerTwo.swift */; };
		79C22D662A2E05CE009B94D7 /* ViewControllerTree.swift in Sources */ = {isa = PBXBuildFile; fileRef = 79C22D642A2E05CE009B94D7 /* ViewControllerTree.swift */; };
		79C22D672A2E05CE009B94D7 /* ViewControllerFour.swift in Sources */ = {isa = PBXBuildFile; fileRef = 79C22D652A2E05CE009B94D7 /* ViewControllerFour.swift */; };
		79C22D722A2E06FB009B94D7 /* rav1.jpg in Resources */ = {isa = PBXBuildFile; fileRef = 79C22D6C2A2E06FB009B94D7 /* rav1.jpg */; };
		79C22D732A2E06FB009B94D7 /* rav3.jpg in Resources */ = {isa = PBXBuildFile; fileRef = 79C22D6D2A2E06FB009B94D7 /* rav3.jpg */; };
		79C22D742A2E06FB009B94D7 /* rav2.jpg in Resources */ = {isa = PBXBuildFile; fileRef = 79C22D6E2A2E06FB009B94D7 /* rav2.jpg */; };
		79C22D752A2E06FB009B94D7 /* rav5.jpg in Resources */ = {isa = PBXBuildFile; fileRef = 79C22D6F2A2E06FB009B94D7 /* rav5.jpg */; };
		79C22D762A2E06FB009B94D7 /* rav6.jpg in Resources */ = {isa = PBXBuildFile; fileRef = 79C22D702A2E06FB009B94D7 /* rav6.jpg */; };
		79C22D772A2E06FB009B94D7 /* rav4.jpg in Resources */ = {isa = PBXBuildFile; fileRef = 79C22D712A2E06FB009B94D7 /* rav4.jpg */; };
/* End PBXBuildFile section */

/* Begin PBXFileReference section */
		79C22D412A2E03C7009B94D7 /* DZ.app */ = {isa = PBXFileReference; explicitFileType = wrapper.application; includeInIndex = 0; path = DZ.app; sourceTree = BUILT_PRODUCTS_DIR; };
		79C22D442A2E03C7009B94D7 /* AppDelegate.swift */ = {isa = PBXFileReference; lastKnownFileType = sourcecode.swift; path = AppDelegate.swift; sourceTree = "<group>"; };
		79C22D462A2E03C7009B94D7 /* SceneDelegate.swift */ = {isa = PBXFileReference; lastKnownFileType = sourcecode.swift; path = SceneDelegate.swift; sourceTree = "<group>"; };
		79C22D482A2E03C7009B94D7 /* ViewController.swift */ = {isa = PBXFileReference; lastKnownFileType = sourcecode.swift; path = ViewController.swift; sourceTree = "<group>"; };
		79C22D4B2A2E03C7009B94D7 /* Base */ = {isa = PBXFileReference; lastKnownFileType = file.storyboard; name = Base; path = Base.lproj/Main.storyboard; sourceTree = "<group>"; };
		79C22D4D2A2E03CA009B94D7 /* Assets.xcassets */ = {isa = PBXFileReference; lastKnownFileType = folder.assetcatalog; path = Assets.xcassets; sourceTree = "<group>"; };
		79C22D502A2E03CA009B94D7 /* Base */ = {isa = PBXFileReference; lastKnownFileType = file.storyboard; name = Base; path = Base.lproj/LaunchScreen.storyboard; sourceTree = "<group>"; };
		79C22D522A2E03CA009B94D7 /* Info.plist */ = {isa = PBXFileReference; lastKnownFileType = text.plist.xml; path = Info.plist; sourceTree = "<group>"; };
		79C22D582A2E05B5009B94D7 /* eyeshow.png */ = {isa = PBXFileReference; lastKnownFileType = image.png; path = eyeshow.png; sourceTree = "<group>"; };
		79C22D592A2E05B5009B94D7 /* ravGold.jpg */ = {isa = PBXFileReference; lastKnownFileType = image.jpeg; path = ravGold.jpg; sourceTree = "<group>"; };
		79C22D5A2A2E05B5009B94D7 /* Alphard.jpeg */ = {isa = PBXFileReference; lastKnownFileType = image.jpeg; path = Alphard.jpeg; sourceTree = "<group>"; };
		79C22D5B2A2E05B5009B94D7 /* ravBlue.jpg */ = {isa = PBXFileReference; lastKnownFileType = image.jpeg; path = ravBlue.jpg; sourceTree = "<group>"; };
		79C22D5C2A2E05B5009B94D7 /* car sale.jpeg */ = {isa = PBXFileReference; lastKnownFileType = image.jpeg; path = "car sale.jpeg"; sourceTree = "<group>"; };
		79C22D622A2E05C4009B94D7 /* ViewControllerTwo.swift */ = {isa = PBXFileReference; fileEncoding = 4; lastKnownFileType = sourcecode.swift; path = ViewControllerTwo.swift; sourceTree = "<group>"; };
		79C22D642A2E05CE009B94D7 /* ViewControllerTree.swift */ = {isa = PBXFileReference; fileEncoding = 4; lastKnownFileType = sourcecode.swift; path = ViewControllerTree.swift; sourceTree = "<group>"; };
		79C22D652A2E05CE009B94D7 /* ViewControllerFour.swift */ = {isa = PBXFileReference; fileEncoding = 4; lastKnownFileType = sourcecode.swift; path = ViewControllerFour.swift; sourceTree = "<group>"; };
		79C22D6C2A2E06FB009B94D7 /* rav1.jpg */ = {isa = PBXFileReference; lastKnownFileType = image.jpeg; path = rav1.jpg; sourceTree = "<group>"; };
		79C22D6D2A2E06FB009B94D7 /* rav3.jpg */ = {isa = PBXFileReference; lastKnownFileType = image.jpeg; path = rav3.jpg; sourceTree = "<group>"; };
		79C22D6E2A2E06FB009B94D7 /* rav2.jpg */ = {isa = PBXFileReference; lastKnownFileType = image.jpeg; path = rav2.jpg; sourceTree = "<group>"; };
		79C22D6F2A2E06FB009B94D7 /* rav5.jpg */ = {isa = PBXFileReference; lastKnownFileType = image.jpeg; path = rav5.jpg; sourceTree = "<group>"; };
		79C22D702A2E06FB009B94D7 /* rav6.jpg */ = {isa = PBXFileReference; lastKnownFileType = image.jpeg; path = rav6.jpg; sourceTree = "<group>"; };
		79C22D712A2E06FB009B94D7 /* rav4.jpg */ = {isa = PBXFileReference; lastKnownFileType = image.jpeg; path = rav4.jpg; sourceTree = "<group>"; };
/* End PBXFileReference section */

/* Begin PBXFrameworksBuildPhase section */
		79C22D3E2A2E03C7009B94D7 /* Frameworks */ = {
			isa = PBXFrameworksBuildPhase;
			buildActionMask = 2147483647;
			files = (
			);
			runOnlyForDeploymentPostprocessing = 0;
		};
/* End PBXFrameworksBuildPhase section */

/* Begin PBXGroup section */
		79C22D382A2E03C7009B94D7 = {
			isa = PBXGroup;
			children = (
				79C22D432A2E03C7009B94D7 /* DZ */,
				79C22D422A2E03C7009B94D7 /* Products */,
			);
			sourceTree = "<group>";
		};
		79C22D422A2E03C7009B94D7 /* Products */ = {
			isa = PBXGroup;
			children = (
				79C22D412A2E03C7009B94D7 /* DZ.app */,
			);
			name = Products;
			sourceTree = "<group>";
		};
		79C22D432A2E03C7009B94D7 /* DZ */ = {
			isa = PBXGroup;
			children = (
				79C22D782A2E0702009B94D7 /* New Group */,
				79C22D5A2A2E05B5009B94D7 /* Alphard.jpeg */,
				79C22D5C2A2E05B5009B94D7 /* car sale.jpeg */,
				79C22D582A2E05B5009B94D7 /* eyeshow.png */,
				79C22D5B2A2E05B5009B94D7 /* ravBlue.jpg */,
				79C22D592A2E05B5009B94D7 /* ravGold.jpg */,
				79C22D442A2E03C7009B94D7 /* AppDelegate.swift */,
				79C22D622A2E05C4009B94D7 /* ViewControllerTwo.swift */,
				79C22D652A2E05CE009B94D7 /* ViewControllerFour.swift */,
				79C22D642A2E05CE009B94D7 /* ViewControllerTree.swift */,
				79C22D462A2E03C7009B94D7 /* SceneDelegate.swift */,
				79C22D482A2E03C7009B94D7 /* ViewController.swift */,
				79C22D4A2A2E03C7009B94D7 /* Main.storyboard */,
				79C22D4D2A2E03CA009B94D7 /* Assets.xcassets */,
				79C22D4F2A2E03CA009B94D7 /* LaunchScreen.storyboard */,
				79C22D522A2E03CA009B94D7 /* Info.plist */,
			);
			path = DZ;
			sourceTree = "<group>";
		};
		79C22D782A2E0702009B94D7 /* New Group */ = {
			isa = PBXGroup;
			children = (
				79C22D6C2A2E06FB009B94D7 /* rav1.jpg */,
				79C22D6E2A2E06FB009B94D7 /* rav2.jpg */,
				79C22D6D2A2E06FB009B94D7 /* rav3.jpg */,
				79C22D712A2E06FB009B94D7 /* rav4.jpg */,
				79C22D6F2A2E06FB009B94D7 /* rav5.jpg */,
				79C22D702A2E06FB009B94D7 /* rav6.jpg */,
			);
			path = "New Group";
			sourceTree = "<group>";
		};
/* End PBXGroup section */

/* Begin PBXNativeTarget section */
		79C22D402A2E03C7009B94D7 /* DZ */ = {
			isa = PBXNativeTarget;
			buildConfigurationList = 79C22D552A2E03CA009B94D7 /* Build configuration list for PBXNativeTarget "DZ" */;
			buildPhases = (
				79C22D3D2A2E03C7009B94D7 /* Sources */,
				79C22D3E2A2E03C7009B94D7 /* Frameworks */,
				79C22D3F2A2E03C7009B94D7 /* Resources */,
			);
			buildRules = (
			);
			dependencies = (
			);
			name = DZ;
			productName = DZ;
			productReference = 79C22D412A2E03C7009B94D7 /* DZ.app */;
			productType = "com.apple.product-type.application";
		};
/* End PBXNativeTarget section */

/* Begin PBXProject section */
		79C22D392A2E03C7009B94D7 /* Project object */ = {
			isa = PBXProject;
			attributes = {
				LastSwiftUpdateCheck = 1250;
				LastUpgradeCheck = 1250;
				TargetAttributes = {
					79C22D402A2E03C7009B94D7 = {
						CreatedOnToolsVersion = 12.5.1;
					};
				};
			};
			buildConfigurationList = 79C22D3C2A2E03C7009B94D7 /* Build configuration list for PBXProject "DZ" */;
			compatibilityVersion = "Xcode 9.3";
			developmentRegion = en;
			hasScannedForEncodings = 0;
			knownRegions = (
				en,
				Base,
			);
			mainGroup = 79C22D382A2E03C7009B94D7;
			productRefGroup = 79C22D422A2E03C7009B94D7 /* Products */;
			projectDirPath = "";
			projectRoot = "";
			targets = (
				79C22D402A2E03C7009B94D7 /* DZ */,
			);
		};
/* End PBXProject section */

/* Begin PBXResourcesBuildPhase section */
		79C22D3F2A2E03C7009B94D7 /* Resources */ = {
			isa = PBXResourcesBuildPhase;
			buildActionMask = 2147483647;
			files = (
				79C22D5F2A2E05B5009B94D7 /* Alphard.jpeg in Resources */,
				79C22D752A2E06FB009B94D7 /* rav5.jpg in Resources */,
				79C22D772A2E06FB009B94D7 /* rav4.jpg in Resources */,
				79C22D732A2E06FB009B94D7 /* rav3.jpg in Resources */,
				79C22D512A2E03CA009B94D7 /* LaunchScreen.storyboard in Resources */,
				79C22D4E2A2E03CA009B94D7 /* Assets.xcassets in Resources */,
				79C22D742A2E06FB009B94D7 /* rav2.jpg in Resources */,
				79C22D5D2A2E05B5009B94D7 /* eyeshow.png in Resources */,
				79C22D722A2E06FB009B94D7 /* rav1.jpg in Resources */,
				79C22D612A2E05B5009B94D7 /* car sale.jpeg in Resources */,
				79C22D4C2A2E03C7009B94D7 /* Main.storyboard in Resources */,
				79C22D602A2E05B5009B94D7 /* ravBlue.jpg in Resources */,
				79C22D762A2E06FB009B94D7 /* rav6.jpg in Resources */,
				79C22D5E2A2E05B5009B94D7 /* ravGold.jpg in Resources */,
			);
			runOnlyForDeploymentPostprocessing = 0;
		};
/* End PBXResourcesBuildPhase section */

/* Begin PBXSourcesBuildPhase section */
		79C22D3D2A2E03C7009B94D7 /* Sources */ = {
			isa = PBXSourcesBuildPhase;
			buildActionMask = 2147483647;
			files = (
				79C22D662A2E05CE009B94D7 /* ViewControllerTree.swift in Sources */,
				79C22D492A2E03C7009B94D7 /* ViewController.swift in Sources */,
				79C22D672A2E05CE009B94D7 /* ViewControllerFour.swift in Sources */,
				79C22D452A2E03C7009B94D7 /* AppDelegate.swift in Sources */,
				79C22D472A2E03C7009B94D7 /* SceneDelegate.swift in Sources */,
				79C22D632A2E05C4009B94D7 /* ViewControllerTwo.swift in Sources */,
			);
			runOnlyForDeploymentPostprocessing = 0;
		};
/* End PBXSourcesBuildPhase section */

/* Begin PBXVariantGroup section */
		79C22D4A2A2E03C7009B94D7 /* Main.storyboard */ = {
			isa = PBXVariantGroup;
			children = (
				79C22D4B2A2E03C7009B94D7 /* Base */,
			);
			name = Main.storyboard;
			sourceTree = "<group>";
		};
		79C22D4F2A2E03CA009B94D7 /* LaunchScreen.storyboard */ = {
			isa = PBXVariantGroup;
			children = (
				79C22D502A2E03CA009B94D7 /* Base */,
			);
			name = LaunchScreen.storyboard;
			sourceTree = "<group>";
		};
/* End PBXVariantGroup section */

/* Begin XCBuildConfiguration section */
		79C22D532A2E03CA009B94D7 /* Debug */ = {
			isa = XCBuildConfiguration;
			buildSettings = {
				ALWAYS_SEARCH_USER_PATHS = NO;
				CLANG_ANALYZER_NONNULL = YES;
				CLANG_ANALYZER_NUMBER_OBJECT_CONVERSION = YES_AGGRESSIVE;
				CLANG_CXX_LANGUAGE_STANDARD = "gnu++14";
				CLANG_CXX_LIBRARY = "libc++";
				CLANG_ENABLE_MODULES = YES;
				CLANG_ENABLE_OBJC_ARC = YES;
				CLANG_ENABLE_OBJC_WEAK = YES;
				CLANG_WARN_BLOCK_CAPTURE_AUTORELEASING = YES;
				CLANG_WARN_BOOL_CONVERSION = YES;
				CLANG_WARN_COMMA = YES;
				CLANG_WARN_CONSTANT_CONVERSION = YES;
				CLANG_WARN_DEPRECATED_OBJC_IMPLEMENTATIONS = YES;
				CLANG_WARN_DIRECT_OBJC_ISA_USAGE = YES_ERROR;
				CLANG_WARN_DOCUMENTATION_COMMENTS = YES;
				CLANG_WARN_EMPTY_BODY = YES;
				CLANG_WARN_ENUM_CONVERSION = YES;
				CLANG_WARN_INFINITE_RECURSION = YES;
				CLANG_WARN_INT_CONVERSION = YES;
				CLANG_WARN_NON_LITERAL_NULL_CONVERSION = YES;
				CLANG_WARN_OBJC_IMPLICIT_RETAIN_SELF = YES;
				CLANG_WARN_OBJC_LITERAL_CONVERSION = YES;
				CLANG_WARN_OBJC_ROOT_CLASS = YES_ERROR;
				CLANG_WARN_QUOTED_INCLUDE_IN_FRAMEWORK_HEADER = YES;
				CLANG_WARN_RANGE_LOOP_ANALYSIS = YES;
				CLANG_WARN_STRICT_PROTOTYPES = YES;
				CLANG_WARN_SUSPICIOUS_MOVE = YES;
				CLANG_WARN_UNGUARDED_AVAILABILITY = YES_AGGRESSIVE;
				CLANG_WARN_UNREACHABLE_CODE = YES;
				CLANG_WARN__DUPLICATE_METHOD_MATCH = YES;
				COPY_PHASE_STRIP = NO;
				DEBUG_INFORMATION_FORMAT = dwarf;
				ENABLE_STRICT_OBJC_MSGSEND = YES;
				ENABLE_TESTABILITY = YES;
				GCC_C_LANGUAGE_STANDARD = gnu11;
				GCC_DYNAMIC_NO_PIC = NO;
				GCC_NO_COMMON_BLOCKS = YES;
				GCC_OPTIMIZATION_LEVEL = 0;
				GCC_PREPROCESSOR_DEFINITIONS = (
					"DEBUG=1",
					"$(inherited)",
				);
				GCC_WARN_64_TO_32_BIT_CONVERSION = YES;
				GCC_WARN_ABOUT_RETURN_TYPE = YES_ERROR;
				GCC_WARN_UNDECLARED_SELECTOR = YES;
				GCC_WARN_UNINITIALIZED_AUTOS = YES_AGGRESSIVE;
				GCC_WARN_UNUSED_FUNCTION = YES;
				GCC_WARN_UNUSED_VARIABLE = YES;
				IPHONEOS_DEPLOYMENT_TARGET = 14.5;
				MTL_ENABLE_DEBUG_INFO = INCLUDE_SOURCE;
				MTL_FAST_MATH = YES;
				ONLY_ACTIVE_ARCH = YES;
				SDKROOT = iphoneos;
				SWIFT_ACTIVE_COMPILATION_CONDITIONS = DEBUG;
				SWIFT_OPTIMIZATION_LEVEL = "-Onone";
			};
			name = Debug;
		};
		79C22D542A2E03CA009B94D7 /* Release */ = {
			isa = XCBuildConfiguration;
			buildSettings = {
				ALWAYS_SEARCH_USER_PATHS = NO;
				CLANG_ANALYZER_NONNULL = YES;
				CLANG_ANALYZER_NUMBER_OBJECT_CONVERSION = YES_AGGRESSIVE;
				CLANG_CXX_LANGUAGE_STANDARD = "gnu++14";
				CLANG_CXX_LIBRARY = "libc++";
				CLANG_ENABLE_MODULES = YES;
				CLANG_ENABLE_OBJC_ARC = YES;
				CLANG_ENABLE_OBJC_WEAK = YES;
				CLANG_WARN_BLOCK_CAPTURE_AUTORELEASING = YES;
				CLANG_WARN_BOOL_CONVERSION = YES;
				CLANG_WARN_COMMA = YES;
				CLANG_WARN_CONSTANT_CONVERSION = YES;
				CLANG_WARN_DEPRECATED_OBJC_IMPLEMENTATIONS = YES;
				CLANG_WARN_DIRECT_OBJC_ISA_USAGE = YES_ERROR;
				CLANG_WARN_DOCUMENTATION_COMMENTS = YES;
				CLANG_WARN_EMPTY_BODY = YES;
				CLANG_WARN_ENUM_CONVERSION = YES;
				CLANG_WARN_INFINITE_RECURSION = YES;
				CLANG_WARN_INT_CONVERSION = YES;
				CLANG_WARN_NON_LITERAL_NULL_CONVERSION = YES;
				CLANG_WARN_OBJC_IMPLICIT_RETAIN_SELF = YES;
				CLANG_WARN_OBJC_LITERAL_CONVERSION = YES;
				CLANG_WARN_OBJC_ROOT_CLASS = YES_ERROR;
				CLANG_WARN_QUOTED_INCLUDE_IN_FRAMEWORK_HEADER = YES;
				CLANG_WARN_RANGE_LOOP_ANALYSIS = YES;
				CLANG_WARN_STRICT_PROTOTYPES = YES;
				CLANG_WARN_SUSPICIOUS_MOVE = YES;
				CLANG_WARN_UNGUARDED_AVAILABILITY = YES_AGGRESSIVE;
				CLANG_WARN_UNREACHABLE_CODE = YES;
				CLANG_WARN__DUPLICATE_METHOD_MATCH = YES;
				COPY_PHASE_STRIP = NO;
				DEBUG_INFORMATION_FORMAT = "dwarf-with-dsym";
				ENABLE_NS_ASSERTIONS = NO;
				ENABLE_STRICT_OBJC_MSGSEND = YES;
				GCC_C_LANGUAGE_STANDARD = gnu11;
				GCC_NO_COMMON_BLOCKS = YES;
				GCC_WARN_64_TO_32_BIT_CONVERSION = YES;
				GCC_WARN_ABOUT_RETURN_TYPE = YES_ERROR;
				GCC_WARN_UNDECLARED_SELECTOR = YES;
				GCC_WARN_UNINITIALIZED_AUTOS = YES_AGGRESSIVE;
				GCC_WARN_UNUSED_FUNCTION = YES;
				GCC_WARN_UNUSED_VARIABLE = YES;
				IPHONEOS_DEPLOYMENT_TARGET = 14.5;
				MTL_ENABLE_DEBUG_INFO = NO;
				MTL_FAST_MATH = YES;
				SDKROOT = iphoneos;
				SWIFT_COMPILATION_MODE = wholemodule;
				SWIFT_OPTIMIZATION_LEVEL = "-O";
				VALIDATE_PRODUCT = YES;
			};
			name = Release;
		};
		79C22D562A2E03CA009B94D7 /* Debug */ = {
			isa = XCBuildConfiguration;
			buildSettings = {
				ASSETCATALOG_COMPILER_APPICON_NAME = AppIcon;
				ASSETCATALOG_COMPILER_GLOBAL_ACCENT_COLOR_NAME = AccentColor;
				CODE_SIGN_STYLE = Automatic;
				INFOPLIST_FILE = DZ/Info.plist;
				LD_RUNPATH_SEARCH_PATHS = (
					"$(inherited)",
					"@executable_path/Frameworks",
				);
				PRODUCT_BUNDLE_IDENTIFIER = "-.DZ";
				PRODUCT_NAME = "$(TARGET_NAME)";
				SWIFT_VERSION = 5.0;
				TARGETED_DEVICE_FAMILY = "1,2";
			};
			name = Debug;
		};
		79C22D572A2E03CA009B94D7 /* Release */ = {
			isa = XCBuildConfiguration;
			buildSettings = {
				ASSETCATALOG_COMPILER_APPICON_NAME = AppIcon;
				ASSETCATALOG_COMPILER_GLOBAL_ACCENT_COLOR_NAME = AccentColor;
				CODE_SIGN_STYLE = Automatic;
				INFOPLIST_FILE = DZ/Info.plist;
				LD_RUNPATH_SEARCH_PATHS = (
					"$(inherited)",
					"@executable_path/Frameworks",
				);
				PRODUCT_BUNDLE_IDENTIFIER = "-.DZ";
				PRODUCT_NAME = "$(TARGET_NAME)";
				SWIFT_VERSION = 5.0;
				TARGETED_DEVICE_FAMILY = "1,2";
			};
			name = Release;
		};
/* End XCBuildConfiguration section */

/* Begin XCConfigurationList section */
		79C22D3C2A2E03C7009B94D7 /* Build configuration list for PBXProject "DZ" */ = {
			isa = XCConfigurationList;
			buildConfigurations = (
				79C22D532A2E03CA009B94D7 /* Debug */,
				79C22D542A2E03CA009B94D7 /* Release */,
			);
			defaultConfigurationIsVisible = 0;
			defaultConfigurationName = Release;
		};
		79C22D552A2E03CA009B94D7 /* Build configuration list for PBXNativeTarget "DZ" */ = {
			isa = XCConfigurationList;
			buildConfigurations = (
				79C22D562A2E03CA009B94D7 /* Debug */,
				79C22D572A2E03CA009B94D7 /* Release */,
			);
			defaultConfigurationIsVisible = 0;
			defaultConfigurationName = Release;
		};
/* End XCConfigurationList section */
	};
	rootObject = 79C22D392A2E03C7009B94D7 /* Project object */;
}
